
Microsoft Visual Studio Solution File, Format Version 12.00
# Visual Studio 15
VisualStudioVersion = 15.0.28307.757
MinimumVisualStudioVersion = 10.0.40219.1
Project("{2150E333-8FDC-42A3-9474-1A3956D46DE8}") = "Microservices", "Microservices", "{663E0425-4DFE-4019-B8C0-F45467A9A0DE}"
EndProject
Project("{2150E333-8FDC-42A3-9474-1A3956D46DE8}") = "Domain", "Domain", "{F8CC5350-99AA-4D97-974F-DCC89FB1FBFE}"
EndProject
Project("{2150E333-8FDC-42A3-9474-1A3956D46DE8}") = "Infra.Bus", "Infra.Bus", "{26CA41D6-FB97-4F7C-83BB-91EEE987D382}"
EndProject
Project("{2150E333-8FDC-42A3-9474-1A3956D46DE8}") = "Infrastructure.IoC", "Infrastructure.IoC", "{48B3DF34-BC54-48F6-BA23-04679200F870}"
EndProject
Project("{2150E333-8FDC-42A3-9474-1A3956D46DE8}") = "Presentation", "Presentation", "{56951E9B-BFC1-484D-BDDF-224BDAD34A8F}"
EndProject
Project("{9A19103F-16F7-4668-BE54-9A1E7A4F7556}") = "MicroRabbit.Domain.Core", "MicroRabbit.Domain.Core\MicroRabbit.Domain.Core.csproj", "{C6229783-9C67-4A49-B716-78AD03698AB5}"
EndProject
Project("{9A19103F-16F7-4668-BE54-9A1E7A4F7556}") = "MicroRabbit.Infrastructure.Bus", "MicroRabbit.Infrastructure.Bus\MicroRabbit.Infrastructure.Bus.csproj", "{05D69876-077B-4429-A245-53E4FD1E8B38}"
EndProject
Project("{9A19103F-16F7-4668-BE54-9A1E7A4F7556}") = "MicroRabbit.Infra.Ioc", "MicroRabbit.Infra.Ioc\MicroRabbit.Infra.Ioc.csproj", "{4566C12D-9C58-41CE-AD3A-DFD04C393BD4}"
EndProject
Project("{2150E333-8FDC-42A3-9474-1A3956D46DE8}") = "BankingService", "BankingService", "{520E69A6-FC29-489A-8FD3-C503CEB898F4}"
EndProject
Project("{2150E333-8FDC-42A3-9474-1A3956D46DE8}") = "Api", "Api", "{2468DE48-6F9E-4035-9059-88CBBBD1DB83}"
EndProject
Project("{2150E333-8FDC-42A3-9474-1A3956D46DE8}") = "Domain", "Domain", "{C89069DC-7E04-4897-B4F1-E05306A7C52A}"
EndProject
Project("{2150E333-8FDC-42A3-9474-1A3956D46DE8}") = "Application", "Application", "{45C3C89C-3D5C-4A6D-9287-434BC643D3FB}"
EndProject
Project("{2150E333-8FDC-42A3-9474-1A3956D46DE8}") = "Data", "Data", "{DDA70500-683F-4C85-8233-D4E6EDC39371}"
EndProject
Project("{9A19103F-16F7-4668-BE54-9A1E7A4F7556}") = "MicroRabbit.Banking.Application", "MicroRabbit.Banking.Application\MicroRabbit.Banking.Application.csproj", "{96BC8CA1-DA33-4F68-B9A5-66233C2E6C57}"
EndProject
Project("{9A19103F-16F7-4668-BE54-9A1E7A4F7556}") = "MicroRabbit.Banking.Data", "MicroRabbit.Banking.Data\MicroRabbit.Banking.Data.csproj", "{F490FA66-9623-47AC-ABD2-CB8ACC45F58A}"
EndProject
Project("{9A19103F-16F7-4668-BE54-9A1E7A4F7556}") = "MicroRabbit.Banking.Domain", "MicroRabbit.Banking.Domain\MicroRabbit.Banking.Domain.csproj", "{503E5238-230C-4F80-A0C9-2236DA655BCE}"
EndProject
Project("{9A19103F-16F7-4668-BE54-9A1E7A4F7556}") = "MicroRabbit.Banking.Api", "MicroRabbit.Banking.Api\MicroRabbit.Banking.Api.csproj", "{C8A47BB9-3561-4D14-BA71-8DF779897BA1}"
EndProject
Project("{2150E333-8FDC-42A3-9474-1A3956D46DE8}") = "TransferService", "TransferService", "{97728CF3-A5A3-46CD-8A95-9F54575CF12A}"
EndProject
Project("{2150E333-8FDC-42A3-9474-1A3956D46DE8}") = "Api", "Api", "{A4BD11BD-43A8-4A58-A7F1-EAE0C6D4D601}"
EndProject
Project("{2150E333-8FDC-42A3-9474-1A3956D46DE8}") = "Application", "Application", "{2A6E449E-DB92-42AB-B62F-F1B2E216C1BC}"
EndProject
Project("{2150E333-8FDC-42A3-9474-1A3956D46DE8}") = "Data", "Data", "{CAE523D9-62AF-419F-B79F-200017AF6F5D}"
EndProject
Project("{2150E333-8FDC-42A3-9474-1A3956D46DE8}") = "Domain", "Domain", "{517990D3-FACA-4EE0-AF30-E4F764C02514}"
EndProject
Project("{FAE04EC0-301F-11D3-BF4B-00C04F79EFBC}") = "MicroRabbit.Tranfer.Api", "MicroRabbit.Tranfer.Api\MicroRabbit.Tranfer.Api.csproj", "{F20667AE-4A97-4ADC-887D-9059F0DFAA93}"
EndProject
Project("{FAE04EC0-301F-11D3-BF4B-00C04F79EFBC}") = "MicroRabbit.Tranfer.Application", "MicroRabbit.Tranfer.Application\MicroRabbit.Tranfer.Application.csproj", "{F4DC7664-FFA7-4033-8DD1-E8A4BEB985D8}"
EndProject
Project("{FAE04EC0-301F-11D3-BF4B-00C04F79EFBC}") = "MicroRabbit.Tranfer.Data", "MicroRabbit.Tranfer.Data\MicroRabbit.Tranfer.Data.csproj", "{DDD2C6CA-ABDA-4040-AAFB-5ACACBE6ED7C}"
EndProject
Project("{FAE04EC0-301F-11D3-BF4B-00C04F79EFBC}") = "MicroRabbit.Tranfer.Domain", "MicroRabbit.Tranfer.Domain\MicroRabbit.Tranfer.Domain.csproj", "{22354F47-2960-4B15-AD75-01490E0DD382}"
EndProject
Global
	GlobalSection(SolutionConfigurationPlatforms) = preSolution
		Debug|Any CPU = Debug|Any CPU
		Release|Any CPU = Release|Any CPU
	EndGlobalSection
	GlobalSection(ProjectConfigurationPlatforms) = postSolution
		{C6229783-9C67-4A49-B716-78AD03698AB5}.Debug|Any CPU.ActiveCfg = Debug|Any CPU
		{C6229783-9C67-4A49-B716-78AD03698AB5}.Debug|Any CPU.Build.0 = Debug|Any CPU
		{C6229783-9C67-4A49-B716-78AD03698AB5}.Release|Any CPU.ActiveCfg = Release|Any CPU
		{C6229783-9C67-4A49-B716-78AD03698AB5}.Release|Any CPU.Build.0 = Release|Any CPU
		{05D69876-077B-4429-A245-53E4FD1E8B38}.Debug|Any CPU.ActiveCfg = Debug|Any CPU
		{05D69876-077B-4429-A245-53E4FD1E8B38}.Debug|Any CPU.Build.0 = Debug|Any CPU
		{05D69876-077B-4429-A245-53E4FD1E8B38}.Release|Any CPU.ActiveCfg = Release|Any CPU
		{05D69876-077B-4429-A245-53E4FD1E8B38}.Release|Any CPU.Build.0 = Release|Any CPU
		{4566C12D-9C58-41CE-AD3A-DFD04C393BD4}.Debug|Any CPU.ActiveCfg = Debug|Any CPU
		{4566C12D-9C58-41CE-AD3A-DFD04C393BD4}.Debug|Any CPU.Build.0 = Debug|Any CPU
		{4566C12D-9C58-41CE-AD3A-DFD04C393BD4}.Release|Any CPU.ActiveCfg = Release|Any CPU
		{4566C12D-9C58-41CE-AD3A-DFD04C393BD4}.Release|Any CPU.Build.0 = Release|Any CPU
		{96BC8CA1-DA33-4F68-B9A5-66233C2E6C57}.Debug|Any CPU.ActiveCfg = Debug|Any CPU
		{96BC8CA1-DA33-4F68-B9A5-66233C2E6C57}.Debug|Any CPU.Build.0 = Debug|Any CPU
		{96BC8CA1-DA33-4F68-B9A5-66233C2E6C57}.Release|Any CPU.ActiveCfg = Release|Any CPU
		{96BC8CA1-DA33-4F68-B9A5-66233C2E6C57}.Release|Any CPU.Build.0 = Release|Any CPU
		{F490FA66-9623-47AC-ABD2-CB8ACC45F58A}.Debug|Any CPU.ActiveCfg = Debug|Any CPU
		{F490FA66-9623-47AC-ABD2-CB8ACC45F58A}.Debug|Any CPU.Build.0 = Debug|Any CPU
		{F490FA66-9623-47AC-ABD2-CB8ACC45F58A}.Release|Any CPU.ActiveCfg = Release|Any CPU
		{F490FA66-9623-47AC-ABD2-CB8ACC45F58A}.Release|Any CPU.Build.0 = Release|Any CPU
		{503E5238-230C-4F80-A0C9-2236DA655BCE}.Debug|Any CPU.ActiveCfg = Debug|Any CPU
		{503E5238-230C-4F80-A0C9-2236DA655BCE}.Debug|Any CPU.Build.0 = Debug|Any CPU
		{503E5238-230C-4F80-A0C9-2236DA655BCE}.Release|Any CPU.ActiveCfg = Release|Any CPU
		{503E5238-230C-4F80-A0C9-2236DA655BCE}.Release|Any CPU.Build.0 = Release|Any CPU
		{C8A47BB9-3561-4D14-BA71-8DF779897BA1}.Debug|Any CPU.ActiveCfg = Debug|Any CPU
		{C8A47BB9-3561-4D14-BA71-8DF779897BA1}.Debug|Any CPU.Build.0 = Debug|Any CPU
		{C8A47BB9-3561-4D14-BA71-8DF779897BA1}.Release|Any CPU.ActiveCfg = Release|Any CPU
		{C8A47BB9-3561-4D14-BA71-8DF779897BA1}.Release|Any CPU.Build.0 = Release|Any CPU
		{F20667AE-4A97-4ADC-887D-9059F0DFAA93}.Debug|Any CPU.ActiveCfg = Debug|Any CPU
		{F20667AE-4A97-4ADC-887D-9059F0DFAA93}.Debug|Any CPU.Build.0 = Debug|Any CPU
		{F20667AE-4A97-4ADC-887D-9059F0DFAA93}.Release|Any CPU.ActiveCfg = Release|Any CPU
		{F20667AE-4A97-4ADC-887D-9059F0DFAA93}.Release|Any CPU.Build.0 = Release|Any CPU
		{F4DC7664-FFA7-4033-8DD1-E8A4BEB985D8}.Debug|Any CPU.ActiveCfg = Debug|Any CPU
		{F4DC7664-FFA7-4033-8DD1-E8A4BEB985D8}.Debug|Any CPU.Build.0 = Debug|Any CPU
		{F4DC7664-FFA7-4033-8DD1-E8A4BEB985D8}.Release|Any CPU.ActiveCfg = Release|Any CPU
		{F4DC7664-FFA7-4033-8DD1-E8A4BEB985D8}.Release|Any CPU.Build.0 = Release|Any CPU
		{DDD2C6CA-ABDA-4040-AAFB-5ACACBE6ED7C}.Debug|Any CPU.ActiveCfg = Debug|Any CPU
		{DDD2C6CA-ABDA-4040-AAFB-5ACACBE6ED7C}.Debug|Any CPU.Build.0 = Debug|Any CPU
		{DDD2C6CA-ABDA-4040-AAFB-5ACACBE6ED7C}.Release|Any CPU.ActiveCfg = Release|Any CPU
		{DDD2C6CA-ABDA-4040-AAFB-5ACACBE6ED7C}.Release|Any CPU.Build.0 = Release|Any CPU
		{22354F47-2960-4B15-AD75-01490E0DD382}.Debug|Any CPU.ActiveCfg = Debug|Any CPU
		{22354F47-2960-4B15-AD75-01490E0DD382}.Debug|Any CPU.Build.0 = Debug|Any CPU
		{22354F47-2960-4B15-AD75-01490E0DD382}.Release|Any CPU.ActiveCfg = Release|Any CPU
		{22354F47-2960-4B15-AD75-01490E0DD382}.Release|Any CPU.Build.0 = Release|Any CPU
	EndGlobalSection
	GlobalSection(SolutionProperties) = preSolution
		HideSolutionNode = FALSE
	EndGlobalSection
	GlobalSection(NestedProjects) = preSolution
		{C6229783-9C67-4A49-B716-78AD03698AB5} = {F8CC5350-99AA-4D97-974F-DCC89FB1FBFE}
		{05D69876-077B-4429-A245-53E4FD1E8B38} = {26CA41D6-FB97-4F7C-83BB-91EEE987D382}
		{4566C12D-9C58-41CE-AD3A-DFD04C393BD4} = {48B3DF34-BC54-48F6-BA23-04679200F870}
		{520E69A6-FC29-489A-8FD3-C503CEB898F4} = {663E0425-4DFE-4019-B8C0-F45467A9A0DE}
		{2468DE48-6F9E-4035-9059-88CBBBD1DB83} = {520E69A6-FC29-489A-8FD3-C503CEB898F4}
		{C89069DC-7E04-4897-B4F1-E05306A7C52A} = {520E69A6-FC29-489A-8FD3-C503CEB898F4}
		{45C3C89C-3D5C-4A6D-9287-434BC643D3FB} = {520E69A6-FC29-489A-8FD3-C503CEB898F4}
		{DDA70500-683F-4C85-8233-D4E6EDC39371} = {520E69A6-FC29-489A-8FD3-C503CEB898F4}
		{96BC8CA1-DA33-4F68-B9A5-66233C2E6C57} = {45C3C89C-3D5C-4A6D-9287-434BC643D3FB}
		{F490FA66-9623-47AC-ABD2-CB8ACC45F58A} = {DDA70500-683F-4C85-8233-D4E6EDC39371}
		{503E5238-230C-4F80-A0C9-2236DA655BCE} = {C89069DC-7E04-4897-B4F1-E05306A7C52A}
		{C8A47BB9-3561-4D14-BA71-8DF779897BA1} = {2468DE48-6F9E-4035-9059-88CBBBD1DB83}
		{97728CF3-A5A3-46CD-8A95-9F54575CF12A} = {663E0425-4DFE-4019-B8C0-F45467A9A0DE}
		{A4BD11BD-43A8-4A58-A7F1-EAE0C6D4D601} = {97728CF3-A5A3-46CD-8A95-9F54575CF12A}
		{2A6E449E-DB92-42AB-B62F-F1B2E216C1BC} = {97728CF3-A5A3-46CD-8A95-9F54575CF12A}
		{CAE523D9-62AF-419F-B79F-200017AF6F5D} = {97728CF3-A5A3-46CD-8A95-9F54575CF12A}
		{517990D3-FACA-4EE0-AF30-E4F764C02514} = {97728CF3-A5A3-46CD-8A95-9F54575CF12A}
		{F20667AE-4A97-4ADC-887D-9059F0DFAA93} = {A4BD11BD-43A8-4A58-A7F1-EAE0C6D4D601}
		{F4DC7664-FFA7-4033-8DD1-E8A4BEB985D8} = {2A6E449E-DB92-42AB-B62F-F1B2E216C1BC}
		{DDD2C6CA-ABDA-4040-AAFB-5ACACBE6ED7C} = {CAE523D9-62AF-419F-B79F-200017AF6F5D}
		{22354F47-2960-4B15-AD75-01490E0DD382} = {517990D3-FACA-4EE0-AF30-E4F764C02514}
	EndGlobalSection
	GlobalSection(ExtensibilityGlobals) = postSolution
		SolutionGuid = {B1A259A0-3625-4577-AF8A-C44CB1548473}
	EndGlobalSection
EndGlobal
