
Microsoft Visual Studio Solution File, Format Version 12.00
# Visual Studio 15
VisualStudioVersion = 15.0.28307.757
MinimumVisualStudioVersion = 10.0.40219.1
Project("{2150E333-8FDC-42A3-9474-1A3956D46DE8}") = "Microservices", "Microservices", "{663E0425-4DFE-4019-B8C0-F45467A9A0DE}"
EndProject
Project("{2150E333-8FDC-42A3-9474-1A3956D46DE8}") = "Domain", "Domain", "{F8CC5350-99AA-4D97-974F-DCC89FB1FBFE}"
EndProject
Project("{2150E333-8FDC-42A3-9474-1A3956D46DE8}") = "Infra.Bus", "Infra.Bus", "{26CA41D6-FB97-4F7C-83BB-91EEE987D382}"
EndProject
Project("{2150E333-8FDC-42A3-9474-1A3956D46DE8}") = "Infrastructure.IoC", "Infrastructure.IoC", "{48B3DF34-BC54-48F6-BA23-04679200F870}"
EndProject
Project("{2150E333-8FDC-42A3-9474-1A3956D46DE8}") = "Presentation", "Presentation", "{56951E9B-BFC1-484D-BDDF-224BDAD34A8F}"
EndProject
Project("{9A19103F-16F7-4668-BE54-9A1E7A4F7556}") = "MicroRabbit.Domain.Core", "MicroRabbit.Domain.Core\MicroRabbit.Domain.Core.csproj", "{C6229783-9C67-4A49-B716-78AD03698AB5}"
EndProject
Global
	GlobalSection(SolutionConfigurationPlatforms) = preSolution
		Debug|Any CPU = Debug|Any CPU
		Release|Any CPU = Release|Any CPU
	EndGlobalSection
	GlobalSection(ProjectConfigurationPlatforms) = postSolution
		{C6229783-9C67-4A49-B716-78AD03698AB5}.Debug|Any CPU.ActiveCfg = Debug|Any CPU
		{C6229783-9C67-4A49-B716-78AD03698AB5}.Debug|Any CPU.Build.0 = Debug|Any CPU
		{C6229783-9C67-4A49-B716-78AD03698AB5}.Release|Any CPU.ActiveCfg = Release|Any CPU
		{C6229783-9C67-4A49-B716-78AD03698AB5}.Release|Any CPU.Build.0 = Release|Any CPU
	EndGlobalSection
	GlobalSection(SolutionProperties) = preSolution
		HideSolutionNode = FALSE
	EndGlobalSection
	GlobalSection(NestedProjects) = preSolution
		{C6229783-9C67-4A49-B716-78AD03698AB5} = {F8CC5350-99AA-4D97-974F-DCC89FB1FBFE}
	EndGlobalSection
	GlobalSection(ExtensibilityGlobals) = postSolution
		SolutionGuid = {B1A259A0-3625-4577-AF8A-C44CB1548473}
	EndGlobalSection
EndGlobal
